
Microsoft Visual Studio Solution File, Format Version 12.00
# Visual Studio 15
Project("{FAE04EC0-301F-11D3-BF4B-00C04F79EFBC}") = "Assembly-CSharp", "Assembly-CSharp.csproj", "{92009F8B-A0DE-63B6-1A31-78D9FDFC3C0F}"
EndProject
Project("{FAE04EC0-301F-11D3-BF4B-00C04F79EFBC}") = "Assembly-CSharp-Editor-firstpass", "Assembly-CSharp-Editor-firstpass.csproj", "{B90662D2-4EAD-DFF1-3757-8A94BBCD9024}"
EndProject
Project("{FAE04EC0-301F-11D3-BF4B-00C04F79EFBC}") = "Assembly-CSharp-Editor", "Assembly-CSharp-Editor.csproj", "{3660E6BC-5249-27D8-538F-980A02CD349F}"
EndProject
Global
	GlobalSection(SolutionConfigurationPlatforms) = preSolution
		Debug|Any CPU = Debug|Any CPU
		Release|Any CPU = Release|Any CPU
	EndGlobalSection
	GlobalSection(ProjectConfigurationPlatforms) = postSolution
		{92009F8B-A0DE-63B6-1A31-78D9FDFC3C0F}.Debug|Any CPU.ActiveCfg = Debug|Any CPU
		{92009F8B-A0DE-63B6-1A31-78D9FDFC3C0F}.Debug|Any CPU.Build.0 = Debug|Any CPU
		{92009F8B-A0DE-63B6-1A31-78D9FDFC3C0F}.Release|Any CPU.ActiveCfg = Release|Any CPU
		{92009F8B-A0DE-63B6-1A31-78D9FDFC3C0F}.Release|Any CPU.Build.0 = Release|Any CPU
		{B90662D2-4EAD-DFF1-3757-8A94BBCD9024}.Debug|Any CPU.ActiveCfg = Debug|Any CPU
		{B90662D2-4EAD-DFF1-3757-8A94BBCD9024}.Debug|Any CPU.Build.0 = Debug|Any CPU
		{B90662D2-4EAD-DFF1-3757-8A94BBCD9024}.Release|Any CPU.ActiveCfg = Release|Any CPU
		{B90662D2-4EAD-DFF1-3757-8A94BBCD9024}.Release|Any CPU.Build.0 = Release|Any CPU
		{3660E6BC-5249-27D8-538F-980A02CD349F}.Debug|Any CPU.ActiveCfg = Debug|Any CPU
		{3660E6BC-5249-27D8-538F-980A02CD349F}.Debug|Any CPU.Build.0 = Debug|Any CPU
		{3660E6BC-5249-27D8-538F-980A02CD349F}.Release|Any CPU.ActiveCfg = Release|Any CPU
		{3660E6BC-5249-27D8-538F-980A02CD349F}.Release|Any CPU.Build.0 = Release|Any CPU
	EndGlobalSection
	GlobalSection(SolutionProperties) = preSolution
		HideSolutionNode = FALSE
	EndGlobalSection
EndGlobal
